
Microsoft Visual Studio Solution File, Format Version 12.00
# Visual Studio 2012
Project("{2150E333-8FDC-42A3-9474-1A3956D46DE8}") = "3 - BO", "3 - BO", "{9A9ED381-A45B-475B-83D0-39F8FCBE2494}"
EndProject
Project("{2150E333-8FDC-42A3-9474-1A3956D46DE8}") = "4 - Presentaion", "4 - Presentaion", "{EBE93F10-1F78-426D-93D7-8E6F52361729}"
EndProject
Project("{2150E333-8FDC-42A3-9474-1A3956D46DE8}") = "2- DAL", "2- DAL", "{0870F529-D64D-469B-BBFC-C17F55AE0B4B}"
	ProjectSection(SolutionItems) = preProject
		CastReporting.DAL\CastReportingSetting.xml = CastReporting.DAL\CastReportingSetting.xml
	EndProjectSection
EndProject
Project("{2150E333-8FDC-42A3-9474-1A3956D46DE8}") = "_CrossCutting", "_CrossCutting", "{FAC15DB8-86BC-49E2-BC1B-5CC1E99BF1F0}"
EndProject
Project("{2150E333-8FDC-42A3-9474-1A3956D46DE8}") = "UnitTest", "UnitTest", "{9E207B3E-5CF1-49B9-9B3C-597085370375}"
EndProject
Project("{2150E333-8FDC-42A3-9474-1A3956D46DE8}") = "_Model", "_Model", "{9D27CABD-3305-4BB0-BFBF-3B69EFC0CB0D}"
EndProject
Project("{2150E333-8FDC-42A3-9474-1A3956D46DE8}") = "1 - Mediation", "1 - Mediation", "{47D6B6E1-1281-41CF-9A4B-BE95CE402C86}"
EndProject
Project("{FAE04EC0-301F-11D3-BF4B-00C04F79EFBC}") = "CastReporting.Repositories", "CastReporting.DAL\CastReporting.Repositories.csproj", "{3C791D3A-83B6-490F-86C8-11FA3076A739}"
EndProject
Project("{FAE04EC0-301F-11D3-BF4B-00C04F79EFBC}") = "CastReporting.BLL", "CastReporting.BLL\CastReporting.BLL.csproj", "{2F09FBCA-1A16-4517-A485-BA2A5C0BC9F4}"
EndProject
Project("{FAE04EC0-301F-11D3-BF4B-00C04F79EFBC}") = "CastReporting.Domain", "CastReporting.Domain\CastReporting.Domain.csproj", "{E696CC9D-E471-4360-8664-FBA3C5B3D375}"
EndProject
Project("{FAE04EC0-301F-11D3-BF4B-00C04F79EFBC}") = "Cast.Util", "Cast.Util\Cast.Util.csproj", "{1810EB4F-E9C6-4B34-94EC-65ACB6802C58}"
EndProject
Project("{FAE04EC0-301F-11D3-BF4B-00C04F79EFBC}") = "CastReporting.UnitTest", "CastReporting.UnitTest\CastReporting.UnitTest.csproj", "{E9822B22-D6A2-4ED6-8479-3B675C2C1CDE}"
EndProject
Project("{FAE04EC0-301F-11D3-BF4B-00C04F79EFBC}") = "CastReporting.BLL.Computing", "CastReporting.BLL.Computing\CastReporting.BLL.Computing.csproj", "{692F3269-684C-44ED-8F1B-98D458DA3F9A}"
EndProject
Project("{FAE04EC0-301F-11D3-BF4B-00C04F79EFBC}") = "CastReporting.Reporting", "CastReporting.Reporting\CastReporting.Reporting.csproj", "{A00B1634-960E-44E0-94C3-BBFEB0E98E23}"
EndProject
Project("{FAE04EC0-301F-11D3-BF4B-00C04F79EFBC}") = "CastReporting.Repositories.Interfaces", "CastReporting.Repositories.Interfaces\CastReporting.Repositories.Interfaces.csproj", "{BF557781-BD7E-4EC2-BB64-ED7981B4D9D0}"
EndProject
Project("{FAE04EC0-301F-11D3-BF4B-00C04F79EFBC}") = "CastReporting.Mediation", "CastReporting.Mediation\CastReporting.Mediation.csproj", "{A2DF17B9-5643-4F29-9A4C-561E5EB15406}"
EndProject
Project("{FAE04EC0-301F-11D3-BF4B-00C04F79EFBC}") = "CastReporting.Mediation.Interfaces", "CastReporting.Mediation.Interfaces\CastReporting.Mediation.Interfaces.csproj", "{5D974A06-C1F5-442D-902F-77DCF5D1C16E}"
EndProject
Project("{FAE04EC0-301F-11D3-BF4B-00C04F79EFBC}") = "CastReporting.UI.WPF.V2", "CastReporting.UI.WPF.V2\CastReporting.UI.WPF.V2.csproj", "{3FBE9345-25A4-49A3-B7A9-A8B51ACB5309}"
EndProject
Project("{FAE04EC0-301F-11D3-BF4B-00C04F79EFBC}") = "CastReporting.Console", "CastReporting.Console\CastReporting.Console.csproj", "{29925F28-5EC2-4DD4-B710-380B15CFB911}"
EndProject
Global
	GlobalSection(SolutionConfigurationPlatforms) = preSolution
		Debug|Any CPU = Debug|Any CPU
		Release|Any CPU = Release|Any CPU
	EndGlobalSection
	GlobalSection(ProjectConfigurationPlatforms) = postSolution
		{3C791D3A-83B6-490F-86C8-11FA3076A739}.Debug|Any CPU.ActiveCfg = Debug|Any CPU
		{3C791D3A-83B6-490F-86C8-11FA3076A739}.Debug|Any CPU.Build.0 = Debug|Any CPU
		{3C791D3A-83B6-490F-86C8-11FA3076A739}.Release|Any CPU.ActiveCfg = Release|Any CPU
		{3C791D3A-83B6-490F-86C8-11FA3076A739}.Release|Any CPU.Build.0 = Release|Any CPU
		{2F09FBCA-1A16-4517-A485-BA2A5C0BC9F4}.Debug|Any CPU.ActiveCfg = Debug|Any CPU
		{2F09FBCA-1A16-4517-A485-BA2A5C0BC9F4}.Debug|Any CPU.Build.0 = Debug|Any CPU
		{2F09FBCA-1A16-4517-A485-BA2A5C0BC9F4}.Release|Any CPU.ActiveCfg = Release|Any CPU
		{2F09FBCA-1A16-4517-A485-BA2A5C0BC9F4}.Release|Any CPU.Build.0 = Release|Any CPU
		{E696CC9D-E471-4360-8664-FBA3C5B3D375}.Debug|Any CPU.ActiveCfg = Debug|Any CPU
		{E696CC9D-E471-4360-8664-FBA3C5B3D375}.Debug|Any CPU.Build.0 = Debug|Any CPU
		{E696CC9D-E471-4360-8664-FBA3C5B3D375}.Release|Any CPU.ActiveCfg = Release|Any CPU
		{E696CC9D-E471-4360-8664-FBA3C5B3D375}.Release|Any CPU.Build.0 = Release|Any CPU
		{1810EB4F-E9C6-4B34-94EC-65ACB6802C58}.Debug|Any CPU.ActiveCfg = Debug|Any CPU
		{1810EB4F-E9C6-4B34-94EC-65ACB6802C58}.Debug|Any CPU.Build.0 = Debug|Any CPU
		{1810EB4F-E9C6-4B34-94EC-65ACB6802C58}.Release|Any CPU.ActiveCfg = Release|Any CPU
		{1810EB4F-E9C6-4B34-94EC-65ACB6802C58}.Release|Any CPU.Build.0 = Release|Any CPU
		{E9822B22-D6A2-4ED6-8479-3B675C2C1CDE}.Debug|Any CPU.ActiveCfg = Debug|Any CPU
		{E9822B22-D6A2-4ED6-8479-3B675C2C1CDE}.Debug|Any CPU.Build.0 = Debug|Any CPU
		{E9822B22-D6A2-4ED6-8479-3B675C2C1CDE}.Release|Any CPU.ActiveCfg = Release|Any CPU
		{E9822B22-D6A2-4ED6-8479-3B675C2C1CDE}.Release|Any CPU.Build.0 = Release|Any CPU
		{692F3269-684C-44ED-8F1B-98D458DA3F9A}.Debug|Any CPU.ActiveCfg = Debug|Any CPU
		{692F3269-684C-44ED-8F1B-98D458DA3F9A}.Debug|Any CPU.Build.0 = Debug|Any CPU
		{692F3269-684C-44ED-8F1B-98D458DA3F9A}.Release|Any CPU.ActiveCfg = Release|Any CPU
		{692F3269-684C-44ED-8F1B-98D458DA3F9A}.Release|Any CPU.Build.0 = Release|Any CPU
		{A00B1634-960E-44E0-94C3-BBFEB0E98E23}.Debug|Any CPU.ActiveCfg = Debug|Any CPU
		{A00B1634-960E-44E0-94C3-BBFEB0E98E23}.Debug|Any CPU.Build.0 = Debug|Any CPU
		{A00B1634-960E-44E0-94C3-BBFEB0E98E23}.Release|Any CPU.ActiveCfg = Release|Any CPU
		{A00B1634-960E-44E0-94C3-BBFEB0E98E23}.Release|Any CPU.Build.0 = Release|Any CPU
		{BF557781-BD7E-4EC2-BB64-ED7981B4D9D0}.Debug|Any CPU.ActiveCfg = Debug|Any CPU
		{BF557781-BD7E-4EC2-BB64-ED7981B4D9D0}.Debug|Any CPU.Build.0 = Debug|Any CPU
		{BF557781-BD7E-4EC2-BB64-ED7981B4D9D0}.Release|Any CPU.ActiveCfg = Release|Any CPU
		{BF557781-BD7E-4EC2-BB64-ED7981B4D9D0}.Release|Any CPU.Build.0 = Release|Any CPU
		{A2DF17B9-5643-4F29-9A4C-561E5EB15406}.Debug|Any CPU.ActiveCfg = Debug|Any CPU
		{A2DF17B9-5643-4F29-9A4C-561E5EB15406}.Debug|Any CPU.Build.0 = Debug|Any CPU
		{A2DF17B9-5643-4F29-9A4C-561E5EB15406}.Release|Any CPU.ActiveCfg = Release|Any CPU
		{A2DF17B9-5643-4F29-9A4C-561E5EB15406}.Release|Any CPU.Build.0 = Release|Any CPU
		{5D974A06-C1F5-442D-902F-77DCF5D1C16E}.Debug|Any CPU.ActiveCfg = Debug|Any CPU
		{5D974A06-C1F5-442D-902F-77DCF5D1C16E}.Debug|Any CPU.Build.0 = Debug|Any CPU
		{5D974A06-C1F5-442D-902F-77DCF5D1C16E}.Release|Any CPU.ActiveCfg = Release|Any CPU
		{5D974A06-C1F5-442D-902F-77DCF5D1C16E}.Release|Any CPU.Build.0 = Release|Any CPU
		{3FBE9345-25A4-49A3-B7A9-A8B51ACB5309}.Debug|Any CPU.ActiveCfg = Debug|Any CPU
		{3FBE9345-25A4-49A3-B7A9-A8B51ACB5309}.Debug|Any CPU.Build.0 = Debug|Any CPU
		{3FBE9345-25A4-49A3-B7A9-A8B51ACB5309}.Release|Any CPU.ActiveCfg = Release|Any CPU
		{3FBE9345-25A4-49A3-B7A9-A8B51ACB5309}.Release|Any CPU.Build.0 = Release|Any CPU
		{29925F28-5EC2-4DD4-B710-380B15CFB911}.Debug|Any CPU.ActiveCfg = Debug|Any CPU
		{29925F28-5EC2-4DD4-B710-380B15CFB911}.Debug|Any CPU.Build.0 = Debug|Any CPU
		{29925F28-5EC2-4DD4-B710-380B15CFB911}.Release|Any CPU.ActiveCfg = Release|Any CPU
		{29925F28-5EC2-4DD4-B710-380B15CFB911}.Release|Any CPU.Build.0 = Release|Any CPU
	EndGlobalSection
	GlobalSection(SolutionProperties) = preSolution
		HideSolutionNode = FALSE
	EndGlobalSection
	GlobalSection(NestedProjects) = preSolution
		{2F09FBCA-1A16-4517-A485-BA2A5C0BC9F4} = {9A9ED381-A45B-475B-83D0-39F8FCBE2494}
		{692F3269-684C-44ED-8F1B-98D458DA3F9A} = {9A9ED381-A45B-475B-83D0-39F8FCBE2494}
		{A00B1634-960E-44E0-94C3-BBFEB0E98E23} = {EBE93F10-1F78-426D-93D7-8E6F52361729}
		{3FBE9345-25A4-49A3-B7A9-A8B51ACB5309} = {EBE93F10-1F78-426D-93D7-8E6F52361729}
		{29925F28-5EC2-4DD4-B710-380B15CFB911} = {EBE93F10-1F78-426D-93D7-8E6F52361729}
		{3C791D3A-83B6-490F-86C8-11FA3076A739} = {0870F529-D64D-469B-BBFC-C17F55AE0B4B}
		{BF557781-BD7E-4EC2-BB64-ED7981B4D9D0} = {0870F529-D64D-469B-BBFC-C17F55AE0B4B}
		{1810EB4F-E9C6-4B34-94EC-65ACB6802C58} = {FAC15DB8-86BC-49E2-BC1B-5CC1E99BF1F0}
		{E9822B22-D6A2-4ED6-8479-3B675C2C1CDE} = {9E207B3E-5CF1-49B9-9B3C-597085370375}
		{E696CC9D-E471-4360-8664-FBA3C5B3D375} = {9D27CABD-3305-4BB0-BFBF-3B69EFC0CB0D}
		{A2DF17B9-5643-4F29-9A4C-561E5EB15406} = {47D6B6E1-1281-41CF-9A4B-BE95CE402C86}
		{5D974A06-C1F5-442D-902F-77DCF5D1C16E} = {47D6B6E1-1281-41CF-9A4B-BE95CE402C86}
	EndGlobalSection
EndGlobal
