
Microsoft Visual Studio Solution File, Format Version 12.00
# Visual Studio 2012
Project("{FAE04EC0-301F-11D3-BF4B-00C04F79EFBC}") = "CastReportingOfficePPTAddIn", "CastReporting.Office-PPT.AddIn\CastReportingOfficePPTAddIn.csproj", "{461DF60C-FCDD-443D-A8A2-C239D5C01700}"
EndProject
Project("{FAE04EC0-301F-11D3-BF4B-00C04F79EFBC}") = "TaskPaneComponents", "TaskPaneComponents\TaskPaneComponents.csproj", "{2EB2128B-5EBF-4749-B978-3A0773B7E2DF}"
EndProject
Project("{FAE04EC0-301F-11D3-BF4B-00C04F79EFBC}") = "ComponentRepository", "ComponentRepository\ComponentRepository.csproj", "{110302DA-72F1-40B7-A087-0EC0F2DF78D9}"
EndProject
Project("{6141683F-8A12-4E36-9623-2EB02B2C2303}") = "CastRGAddInSetup", "CastRGAddInSetup\CastRGAddInSetup.isproj", "{C61594CC-2894-4D84-A0D1-2B7202FEF3CE}"
EndProject
Global
	GlobalSection(SolutionConfigurationPlatforms) = preSolution
		CD_ROM|Any CPU = CD_ROM|Any CPU
		Debug|Any CPU = Debug|Any CPU
		DVD-5|Any CPU = DVD-5|Any CPU
		Release|Any CPU = Release|Any CPU
		SingleImage|Any CPU = SingleImage|Any CPU
	EndGlobalSection
	GlobalSection(ProjectConfigurationPlatforms) = postSolution
		{461DF60C-FCDD-443D-A8A2-C239D5C01700}.CD_ROM|Any CPU.ActiveCfg = Release|Any CPU
		{461DF60C-FCDD-443D-A8A2-C239D5C01700}.CD_ROM|Any CPU.Build.0 = Release|Any CPU
		{461DF60C-FCDD-443D-A8A2-C239D5C01700}.Debug|Any CPU.ActiveCfg = Debug|Any CPU
		{461DF60C-FCDD-443D-A8A2-C239D5C01700}.Debug|Any CPU.Build.0 = Debug|Any CPU
		{461DF60C-FCDD-443D-A8A2-C239D5C01700}.DVD-5|Any CPU.ActiveCfg = Debug|Any CPU
		{461DF60C-FCDD-443D-A8A2-C239D5C01700}.DVD-5|Any CPU.Build.0 = Debug|Any CPU
		{461DF60C-FCDD-443D-A8A2-C239D5C01700}.Release|Any CPU.ActiveCfg = Release|Any CPU
		{461DF60C-FCDD-443D-A8A2-C239D5C01700}.Release|Any CPU.Build.0 = Release|Any CPU
		{461DF60C-FCDD-443D-A8A2-C239D5C01700}.SingleImage|Any CPU.ActiveCfg = Release|Any CPU
		{461DF60C-FCDD-443D-A8A2-C239D5C01700}.SingleImage|Any CPU.Build.0 = Release|Any CPU
		{2EB2128B-5EBF-4749-B978-3A0773B7E2DF}.CD_ROM|Any CPU.ActiveCfg = Release|Any CPU
		{2EB2128B-5EBF-4749-B978-3A0773B7E2DF}.CD_ROM|Any CPU.Build.0 = Release|Any CPU
		{2EB2128B-5EBF-4749-B978-3A0773B7E2DF}.Debug|Any CPU.ActiveCfg = Debug|Any CPU
		{2EB2128B-5EBF-4749-B978-3A0773B7E2DF}.Debug|Any CPU.Build.0 = Debug|Any CPU
		{2EB2128B-5EBF-4749-B978-3A0773B7E2DF}.DVD-5|Any CPU.ActiveCfg = Debug|Any CPU
		{2EB2128B-5EBF-4749-B978-3A0773B7E2DF}.DVD-5|Any CPU.Build.0 = Debug|Any CPU
		{2EB2128B-5EBF-4749-B978-3A0773B7E2DF}.Release|Any CPU.ActiveCfg = Release|Any CPU
		{2EB2128B-5EBF-4749-B978-3A0773B7E2DF}.Release|Any CPU.Build.0 = Release|Any CPU
		{2EB2128B-5EBF-4749-B978-3A0773B7E2DF}.SingleImage|Any CPU.ActiveCfg = Release|Any CPU
		{2EB2128B-5EBF-4749-B978-3A0773B7E2DF}.SingleImage|Any CPU.Build.0 = Release|Any CPU
		{110302DA-72F1-40B7-A087-0EC0F2DF78D9}.CD_ROM|Any CPU.ActiveCfg = Release|Any CPU
		{110302DA-72F1-40B7-A087-0EC0F2DF78D9}.CD_ROM|Any CPU.Build.0 = Release|Any CPU
		{110302DA-72F1-40B7-A087-0EC0F2DF78D9}.Debug|Any CPU.ActiveCfg = Debug|Any CPU
		{110302DA-72F1-40B7-A087-0EC0F2DF78D9}.Debug|Any CPU.Build.0 = Debug|Any CPU
		{110302DA-72F1-40B7-A087-0EC0F2DF78D9}.DVD-5|Any CPU.ActiveCfg = Debug|Any CPU
		{110302DA-72F1-40B7-A087-0EC0F2DF78D9}.DVD-5|Any CPU.Build.0 = Debug|Any CPU
		{110302DA-72F1-40B7-A087-0EC0F2DF78D9}.Release|Any CPU.ActiveCfg = Release|Any CPU
		{110302DA-72F1-40B7-A087-0EC0F2DF78D9}.Release|Any CPU.Build.0 = Release|Any CPU
		{110302DA-72F1-40B7-A087-0EC0F2DF78D9}.SingleImage|Any CPU.ActiveCfg = Release|Any CPU
		{110302DA-72F1-40B7-A087-0EC0F2DF78D9}.SingleImage|Any CPU.Build.0 = Release|Any CPU
		{C61594CC-2894-4D84-A0D1-2B7202FEF3CE}.CD_ROM|Any CPU.ActiveCfg = CD_ROM
		{C61594CC-2894-4D84-A0D1-2B7202FEF3CE}.CD_ROM|Any CPU.Build.0 = CD_ROM
		{C61594CC-2894-4D84-A0D1-2B7202FEF3CE}.Debug|Any CPU.ActiveCfg = DVD-5
		{C61594CC-2894-4D84-A0D1-2B7202FEF3CE}.Debug|Any CPU.Build.0 = DVD-5
		{C61594CC-2894-4D84-A0D1-2B7202FEF3CE}.DVD-5|Any CPU.ActiveCfg = DVD-5
		{C61594CC-2894-4D84-A0D1-2B7202FEF3CE}.DVD-5|Any CPU.Build.0 = DVD-5
		{C61594CC-2894-4D84-A0D1-2B7202FEF3CE}.Release|Any CPU.ActiveCfg = SingleImage
		{C61594CC-2894-4D84-A0D1-2B7202FEF3CE}.Release|Any CPU.Build.0 = SingleImage
		{C61594CC-2894-4D84-A0D1-2B7202FEF3CE}.SingleImage|Any CPU.ActiveCfg = SingleImage
		{C61594CC-2894-4D84-A0D1-2B7202FEF3CE}.SingleImage|Any CPU.Build.0 = SingleImage
	EndGlobalSection
	GlobalSection(SolutionProperties) = preSolution
		HideSolutionNode = FALSE
	EndGlobalSection
EndGlobal
